{
  "version": 4,
  "terraform_version": "1.8.3",
  "serial": 44,
  "lineage": "939685bc-351a-8780-797b-4d6b743262d6",
  "outputs": {
    "public_ip_addr": {
      "value": "3.74.160.244",
      "type": "string"
    },
    "sg_name": {
      "value": "terraform-20240725122259067000000001",
      "type": "string"
    },
    "sg_rule_1": {
      "value": {
        "cidr_blocks": [
          "0.0.0.0/0"
        ],
        "description": null,
        "from_port": 22,
        "id": "sgrule-3701819429",
        "ipv6_cidr_blocks": null,
        "prefix_list_ids": null,
        "protocol": "tcp",
        "security_group_id": "sg-0a36e5e2db6efaca3",
        "security_group_rule_id": "sgr-0c997df9639ba7a38",
        "self": false,
        "source_security_group_id": null,
        "timeouts": null,
        "to_port": 22,
        "type": "ingress"
      },
      "type": [
        "object",
        {
          "cidr_blocks": [
            "list",
            "string"
          ],
          "description": "string",
          "from_port": "number",
          "id": "string",
          "ipv6_cidr_blocks": [
            "list",
            "string"
          ],
          "prefix_list_ids": [
            "list",
            "string"
          ],
          "protocol": "string",
          "security_group_id": "string",
          "security_group_rule_id": "string",
          "self": "bool",
          "source_security_group_id": "string",
          "timeouts": [
            "object",
            {
              "create": "string"
            }
          ],
          "to_port": "number",
          "type": "string"
        }
      ]
    },
    "sg_rule_2": {
      "value": {
        "cidr_blocks": [
          "0.0.0.0/0"
        ],
        "description": null,
        "from_port": 80,
        "id": "sgrule-1781470608",
        "ipv6_cidr_blocks": null,
        "prefix_list_ids": null,
        "protocol": "tcp",
        "security_group_id": "sg-0a36e5e2db6efaca3",
        "security_group_rule_id": "sgr-03ef2abe68b1a3c48",
        "self": false,
        "source_security_group_id": null,
        "timeouts": null,
        "to_port": 80,
        "type": "ingress"
      },
      "type": [
        "object",
        {
          "cidr_blocks": [
            "list",
            "string"
          ],
          "description": "string",
          "from_port": "number",
          "id": "string",
          "ipv6_cidr_blocks": [
            "list",
            "string"
          ],
          "prefix_list_ids": [
            "list",
            "string"
          ],
          "protocol": "string",
          "security_group_id": "string",
          "security_group_rule_id": "string",
          "self": "bool",
          "source_security_group_id": "string",
          "timeouts": [
            "object",
            {
              "create": "string"
            }
          ],
          "to_port": "number",
          "type": "string"
        }
      ]
    },
    "sg_rule_3": {
      "value": {
        "cidr_blocks": [
          "0.0.0.0/0"
        ],
        "description": null,
        "from_port": 443,
        "id": "sgrule-3133105708",
        "ipv6_cidr_blocks": null,
        "prefix_list_ids": null,
        "protocol": "tcp",
        "security_group_id": "sg-0a36e5e2db6efaca3",
        "security_group_rule_id": "sgr-0e476a39ddbdb44ab",
        "self": false,
        "source_security_group_id": null,
        "timeouts": null,
        "to_port": 443,
        "type": "ingress"
      },
      "type": [
        "object",
        {
          "cidr_blocks": [
            "list",
            "string"
          ],
          "description": "string",
          "from_port": "number",
          "id": "string",
          "ipv6_cidr_blocks": [
            "list",
            "string"
          ],
          "prefix_list_ids": [
            "list",
            "string"
          ],
          "protocol": "string",
          "security_group_id": "string",
          "security_group_rule_id": "string",
          "self": "bool",
          "source_security_group_id": "string",
          "timeouts": [
            "object",
            {
              "create": "string"
            }
          ],
          "to_port": "number",
          "type": "string"
        }
      ]
    },
    "sg_rule_egress": {
      "value": {
        "cidr_blocks": [
          "0.0.0.0/0"
        ],
        "description": null,
        "from_port": 0,
        "id": "sgrule-2167474381",
        "ipv6_cidr_blocks": null,
        "prefix_list_ids": null,
        "protocol": "-1",
        "security_group_id": "sg-0a36e5e2db6efaca3",
        "security_group_rule_id": "sgr-089b85c8c22167f6b",
        "self": false,
        "source_security_group_id": null,
        "timeouts": null,
        "to_port": 0,
        "type": "egress"
      },
      "type": [
        "object",
        {
          "cidr_blocks": [
            "list",
            "string"
          ],
          "description": "string",
          "from_port": "number",
          "id": "string",
          "ipv6_cidr_blocks": [
            "list",
            "string"
          ],
          "prefix_list_ids": [
            "list",
            "string"
          ],
          "protocol": "string",
          "security_group_id": "string",
          "security_group_rule_id": "string",
          "self": "bool",
          "source_security_group_id": "string",
          "timeouts": [
            "object",
            {
              "create": "string"
            }
          ],
          "to_port": "number",
          "type": "string"
        }
      ]
    }
  },
  "resources": [
    {
      "mode": "managed",
      "type": "aws_instance",
      "name": "assignment_2507",
      "provider": "provider[\"registry.terraform.io/hashicorp/aws\"]",
      "instances": [
        {
          "schema_version": 1,
          "attributes": {
            "ami": "ami-071878317c449ae48",
            "arn": "arn:aws:ec2:eu-central-1:243411915368:instance/i-00217cd7929aec58e",
            "associate_public_ip_address": true,
            "availability_zone": "eu-central-1b",
            "capacity_reservation_specification": [
              {
                "capacity_reservation_preference": "open",
                "capacity_reservation_target": []
              }
            ],
            "cpu_core_count": 1,
            "cpu_options": [
              {
                "amd_sev_snp": "",
                "core_count": 1,
                "threads_per_core": 1
              }
            ],
            "cpu_threads_per_core": 1,
            "credit_specification": [
              {
                "cpu_credits": "standard"
              }
            ],
            "disable_api_stop": false,
            "disable_api_termination": false,
            "ebs_block_device": [],
            "ebs_optimized": false,
            "enclave_options": [
              {
                "enabled": false
              }
            ],
            "ephemeral_block_device": [],
            "get_password_data": false,
            "hibernation": false,
            "host_id": "",
            "host_resource_group_arn": null,
            "iam_instance_profile": "",
            "id": "i-00217cd7929aec58e",
            "instance_initiated_shutdown_behavior": "stop",
            "instance_lifecycle": "",
            "instance_market_options": [],
            "instance_state": "running",
            "instance_type": "t2.micro",
            "ipv6_address_count": 0,
            "ipv6_addresses": [],
            "key_name": "",
            "launch_template": [],
            "maintenance_options": [
              {
                "auto_recovery": "default"
              }
            ],
            "metadata_options": [
              {
                "http_endpoint": "enabled",
                "http_protocol_ipv6": "disabled",
                "http_put_response_hop_limit": 2,
                "http_tokens": "required",
                "instance_metadata_tags": "disabled"
              }
            ],
            "monitoring": false,
            "network_interface": [],
            "outpost_arn": "",
            "password_data": "",
            "placement_group": "",
            "placement_partition_number": 0,
            "primary_network_interface_id": "eni-0acb54ff4b34bb99e",
            "private_dns": "ip-172-31-38-164.eu-central-1.compute.internal",
            "private_dns_name_options": [
              {
                "enable_resource_name_dns_a_record": false,
                "enable_resource_name_dns_aaaa_record": false,
                "hostname_type": "ip-name"
              }
            ],
            "private_ip": "172.31.38.164",
            "public_dns": "ec2-3-74-160-244.eu-central-1.compute.amazonaws.com",
            "public_ip": "3.74.160.244",
            "root_block_device": [
              {
                "delete_on_termination": true,
                "device_name": "/dev/xvda",
                "encrypted": false,
                "iops": 3000,
                "kms_key_id": "",
                "tags": {},
                "tags_all": {},
                "throughput": 125,
                "volume_id": "vol-0932879610ef2a4c0",
                "volume_size": 8,
                "volume_type": "gp3"
              }
            ],
            "secondary_private_ips": [],
            "security_groups": [
              "terraform-20240725122259067000000001"
            ],
            "source_dest_check": true,
            "spot_instance_request_id": "",
            "subnet_id": "subnet-0e194807fc76a91a7",
            "tags": {
              "Name": "Schokokeks"
            },
            "tags_all": {
              "Name": "Schokokeks"
            },
            "tenancy": "default",
            "timeouts": null,
            "user_data": null,
            "user_data_base64": null,
            "user_data_replace_on_change": false,
            "volume_tags": null,
            "vpc_security_group_ids": [
              "sg-0a36e5e2db6efaca3"
            ]
          },
          "sensitive_attributes": [],
          "private": "eyJlMmJmYjczMC1lY2FhLTExZTYtOGY4OC0zNDM2M2JjN2M0YzAiOnsiY3JlYXRlIjo2MDAwMDAwMDAwMDAsImRlbGV0ZSI6MTIwMDAwMDAwMDAwMCwicmVhZCI6OTAwMDAwMDAwMDAwLCJ1cGRhdGUiOjYwMDAwMDAwMDAwMH0sInNjaGVtYV92ZXJzaW9uIjoiMSJ9",
          "dependencies": [
            "aws_security_group.allow_assignment1"
          ]
        }
      ]
    },
    {
      "mode": "managed",
      "type": "aws_security_group",
      "name": "allow_assignment1",
      "provider": "provider[\"registry.terraform.io/hashicorp/aws\"]",
      "instances": [
        {
          "schema_version": 1,
          "attributes": {
            "arn": "arn:aws:ec2:eu-central-1:243411915368:security-group/sg-0a36e5e2db6efaca3",
            "description": "Managed by Terraform",
            "egress": [],
            "id": "sg-0a36e5e2db6efaca3",
            "ingress": [],
            "name": "terraform-20240725122259067000000001",
            "name_prefix": "terraform-",
            "owner_id": "243411915368",
            "revoke_rules_on_delete": false,
            "tags": {
              "Name": "Assignment 25.07.2024"
            },
            "tags_all": {
              "Name": "Assignment 25.07.2024"
            },
            "timeouts": null,
            "vpc_id": "vpc-09e8c3b85afe7ee7e"
          },
          "sensitive_attributes": [],
          "private": "eyJlMmJmYjczMC1lY2FhLTExZTYtOGY4OC0zNDM2M2JjN2M0YzAiOnsiY3JlYXRlIjo2MDAwMDAwMDAwMDAsImRlbGV0ZSI6OTAwMDAwMDAwMDAwfSwic2NoZW1hX3ZlcnNpb24iOiIxIn0="
        }
      ]
    },
    {
      "mode": "managed",
      "type": "aws_security_group_rule",
      "name": "egress_all",
      "provider": "provider[\"registry.terraform.io/hashicorp/aws\"]",
      "instances": [
        {
          "schema_version": 2,
          "attributes": {
            "cidr_blocks": [
              "0.0.0.0/0"
            ],
            "description": null,
            "from_port": 0,
            "id": "sgrule-2167474381",
            "ipv6_cidr_blocks": null,
            "prefix_list_ids": null,
            "protocol": "-1",
            "security_group_id": "sg-0a36e5e2db6efaca3",
            "security_group_rule_id": "sgr-089b85c8c22167f6b",
            "self": false,
            "source_security_group_id": null,
            "timeouts": null,
            "to_port": 0,
            "type": "egress"
          },
          "sensitive_attributes": [],
          "private": "eyJlMmJmYjczMC1lY2FhLTExZTYtOGY4OC0zNDM2M2JjN2M0YzAiOnsiY3JlYXRlIjozMDAwMDAwMDAwMDB9LCJzY2hlbWFfdmVyc2lvbiI6IjIifQ==",
          "dependencies": [
            "aws_security_group.allow_assignment1"
          ]
        }
      ]
    },
    {
      "mode": "managed",
      "type": "aws_security_group_rule",
      "name": "ingress_http",
      "provider": "provider[\"registry.terraform.io/hashicorp/aws\"]",
      "instances": [
        {
          "schema_version": 2,
          "attributes": {
            "cidr_blocks": [
              "0.0.0.0/0"
            ],
            "description": null,
            "from_port": 80,
            "id": "sgrule-1781470608",
            "ipv6_cidr_blocks": null,
            "prefix_list_ids": null,
            "protocol": "tcp",
            "security_group_id": "sg-0a36e5e2db6efaca3",
            "security_group_rule_id": "sgr-03ef2abe68b1a3c48",
            "self": false,
            "source_security_group_id": null,
            "timeouts": null,
            "to_port": 80,
            "type": "ingress"
          },
          "sensitive_attributes": [],
          "private": "eyJlMmJmYjczMC1lY2FhLTExZTYtOGY4OC0zNDM2M2JjN2M0YzAiOnsiY3JlYXRlIjozMDAwMDAwMDAwMDB9LCJzY2hlbWFfdmVyc2lvbiI6IjIifQ==",
          "dependencies": [
            "aws_security_group.allow_assignment1"
          ]
        }
      ]
    },
    {
      "mode": "managed",
      "type": "aws_security_group_rule",
      "name": "ingress_https",
      "provider": "provider[\"registry.terraform.io/hashicorp/aws\"]",
      "instances": [
        {
          "schema_version": 2,
          "attributes": {
            "cidr_blocks": [
              "0.0.0.0/0"
            ],
            "description": null,
            "from_port": 443,
            "id": "sgrule-3133105708",
            "ipv6_cidr_blocks": null,
            "prefix_list_ids": null,
            "protocol": "tcp",
            "security_group_id": "sg-0a36e5e2db6efaca3",
            "security_group_rule_id": "sgr-0e476a39ddbdb44ab",
            "self": false,
            "source_security_group_id": null,
            "timeouts": null,
            "to_port": 443,
            "type": "ingress"
          },
          "sensitive_attributes": [],
          "private": "eyJlMmJmYjczMC1lY2FhLTExZTYtOGY4OC0zNDM2M2JjN2M0YzAiOnsiY3JlYXRlIjozMDAwMDAwMDAwMDB9LCJzY2hlbWFfdmVyc2lvbiI6IjIifQ==",
          "dependencies": [
            "aws_security_group.allow_assignment1"
          ]
        }
      ]
    },
    {
      "mode": "managed",
      "type": "aws_security_group_rule",
      "name": "ingress_ssh",
      "provider": "provider[\"registry.terraform.io/hashicorp/aws\"]",
      "instances": [
        {
          "schema_version": 2,
          "attributes": {
            "cidr_blocks": [
              "0.0.0.0/0"
            ],
            "description": null,
            "from_port": 22,
            "id": "sgrule-3701819429",
            "ipv6_cidr_blocks": null,
            "prefix_list_ids": null,
            "protocol": "tcp",
            "security_group_id": "sg-0a36e5e2db6efaca3",
            "security_group_rule_id": "sgr-0c997df9639ba7a38",
            "self": false,
            "source_security_group_id": null,
            "timeouts": null,
            "to_port": 22,
            "type": "ingress"
          },
          "sensitive_attributes": [],
          "private": "eyJlMmJmYjczMC1lY2FhLTExZTYtOGY4OC0zNDM2M2JjN2M0YzAiOnsiY3JlYXRlIjozMDAwMDAwMDAwMDB9LCJzY2hlbWFfdmVyc2lvbiI6IjIifQ==",
          "dependencies": [
            "aws_security_group.allow_assignment1"
          ]
        }
      ]
    }
  ],
  "check_results": null
}
